{
  "nodes": {
    "home-manager": {
      "inputs": {
        "nixpkgs": [
          "nixpkgs"
        ],
        "utils": "utils"
      },
      "locked": {
        "lastModified": 1677284824,
        "narHash": "sha256-I3gDxmGjyXdtOR5S8sIeCO8pT+5OR69f/g5EVoQUdsY=",
        "owner": "nix-community",
        "repo": "home-manager",
        "rev": "29280978234b73423f4eb708cbb999295f76b42a",
        "type": "github"
      },
      "original": {
        "owner": "nix-community",
        "ref": "release-22.11",
        "repo": "home-manager",
        "type": "github"
      }
    },
    "musnix": {
      "inputs": {
        "nixpkgs": [
          "nixpkgs"
        ]
      },
      "locked": {
        "lastModified": 1676707513,
        "narHash": "sha256-Cr8f0zUpjb9T+aiClDFpJKVqfKKa6S/fbxPcSTX8UHI=",
        "owner": "musnix",
        "repo": "musnix",
        "rev": "2289b7c353e56ee18270fb6b43965036942b2d0f",
        "type": "github"
      },
      "original": {
        "owner": "musnix",
        "ref": "master",
        "repo": "musnix",
        "type": "github"
      }
    },
    "nixos-hardware": {
      "locked": {
        "lastModified": 1677232326,
        "narHash": "sha256-rAk2/80kLvA3yIMmSV86T1B4kNvwCFMSQ1FxXndaUB0=",
        "owner": "NixOS",
        "repo": "nixos-hardware",
        "rev": "2d44015779cced4eec9df5b8dab238b9f6312cb2",
        "type": "github"
      },
      "original": {
        "owner": "NixOS",
        "ref": "master",
        "repo": "nixos-hardware",
        "type": "github"
      }
    },
    "nixpkgs": {
      "locked": {
        "lastModified": 1677417993,
        "narHash": "sha256-apnuZ2MvwQXAIkOMeu7aiXOqGgh2AuRaRii1lKUYqHg=",
        "owner": "NixOS",
        "repo": "nixpkgs",
        "rev": "197bd5b5a756dec3110e0e7961677e8c76f80502",
        "type": "github"
      },
      "original": {
        "owner": "NixOS",
        "ref": "release-22.11",
        "repo": "nixpkgs",
        "type": "github"
      }
    },
    "nur": {
      "locked": {
        "lastModified": 1677419077,
        "narHash": "sha256-zQEGqsBBgdz3f2E2LUeSMDa/Xm/EaCkNWeA450onOfI=",
        "owner": "nix-community",
        "repo": "NUR",
        "rev": "97151c038ae5b1b55cdeda4428f6d5951bf470c5",
        "type": "github"
      },
      "original": {
        "owner": "nix-community",
        "repo": "NUR",
        "type": "github"
      }
    },
    "root": {
      "inputs": {
        "home-manager": "home-manager",
        "musnix": "musnix",
        "nixos-hardware": "nixos-hardware",
        "nixpkgs": "nixpkgs",
        "nur": "nur",
        "unstable-nixpkgs": "unstable-nixpkgs"
      }
    },
    "unstable-nixpkgs": {
      "locked": {
        "lastModified": 1677342105,
        "narHash": "sha256-kv1fpkfCJGb0M+LZaCHFUuIS9kRIwyVgupHu86Y28nc=",
        "owner": "NixOS",
        "repo": "nixpkgs",
        "rev": "b1f87ca164a9684404c8829b851c3586c4d9f089",
        "type": "github"
      },
      "original": {
        "owner": "NixOS",
        "ref": "nixos-unstable",
        "repo": "nixpkgs",
        "type": "github"
      }
    },
    "utils": {
      "locked": {
        "lastModified": 1667395993,
        "narHash": "sha256-nuEHfE/LcWyuSWnS8t12N1wc105Qtau+/OdUAjtQ0rA=",
        "owner": "numtide",
        "repo": "flake-utils",
        "rev": "5aed5285a952e0b949eb3ba02c12fa4fcfef535f",
        "type": "github"
      },
      "original": {
        "owner": "numtide",
        "repo": "flake-utils",
        "type": "github"
      }
    }
  },
  "root": "root",
  "version": 7
}
